
Microsoft Visual Studio Solution File, Format Version 12.00
# Visual Studio Version 16
VisualStudioVersion = 16.0.28705.295
MinimumVisualStudioVersion = 10.0.40219.1
Project("{FAE04EC0-301F-11D3-BF4B-00C04F79EFBC}") = "MyPdfViewer", "MyPdfViewer\MyPdfViewer.csproj", "{E0AF60EE-B0A2-45FF-A0B5-2CF60071A02F}"
EndProject
Project("{FAE04EC0-301F-11D3-BF4B-00C04F79EFBC}") = "Tests", "Tests\Tests.csproj", "{321626E4-A6C0-4E1E-BFEB-615C9928CAF0}"
EndProject
Project("{FAE04EC0-301F-11D3-BF4B-00C04F79EFBC}") = "LeakTest", "LeakTest\LeakTest.csproj", "{6F392F54-700F-413C-945E-C753BEF97662}"
EndProject
Project("{FAE04EC0-301F-11D3-BF4B-00C04F79EFBC}") = "SheetMusicViewer", "SheetMusicViewer\SheetMusicViewer.csproj", "{95E4F137-ABD4-4875-9CF8-AA373EA0C80C}"
EndProject
Global
	GlobalSection(SolutionConfigurationPlatforms) = preSolution
		Debug|Any CPU = Debug|Any CPU
		Debug|ARM = Debug|ARM
		Debug|ARM64 = Debug|ARM64
		Debug|x64 = Debug|x64
		Debug|x86 = Debug|x86
		Release|Any CPU = Release|Any CPU
		Release|ARM = Release|ARM
		Release|ARM64 = Release|ARM64
		Release|x64 = Release|x64
		Release|x86 = Release|x86
	EndGlobalSection
	GlobalSection(ProjectConfigurationPlatforms) = postSolution
		{E0AF60EE-B0A2-45FF-A0B5-2CF60071A02F}.Debug|Any CPU.ActiveCfg = Debug|x86
		{E0AF60EE-B0A2-45FF-A0B5-2CF60071A02F}.Debug|Any CPU.Build.0 = Debug|x86
		{E0AF60EE-B0A2-45FF-A0B5-2CF60071A02F}.Debug|Any CPU.Deploy.0 = Debug|x86
		{E0AF60EE-B0A2-45FF-A0B5-2CF60071A02F}.Debug|ARM.ActiveCfg = Debug|ARM
		{E0AF60EE-B0A2-45FF-A0B5-2CF60071A02F}.Debug|ARM.Build.0 = Debug|ARM
		{E0AF60EE-B0A2-45FF-A0B5-2CF60071A02F}.Debug|ARM.Deploy.0 = Debug|ARM
		{E0AF60EE-B0A2-45FF-A0B5-2CF60071A02F}.Debug|ARM64.ActiveCfg = Debug|ARM64
		{E0AF60EE-B0A2-45FF-A0B5-2CF60071A02F}.Debug|ARM64.Build.0 = Debug|ARM64
		{E0AF60EE-B0A2-45FF-A0B5-2CF60071A02F}.Debug|ARM64.Deploy.0 = Debug|ARM64
		{E0AF60EE-B0A2-45FF-A0B5-2CF60071A02F}.Debug|x64.ActiveCfg = Debug|x64
		{E0AF60EE-B0A2-45FF-A0B5-2CF60071A02F}.Debug|x64.Build.0 = Debug|x64
		{E0AF60EE-B0A2-45FF-A0B5-2CF60071A02F}.Debug|x64.Deploy.0 = Debug|x64
		{E0AF60EE-B0A2-45FF-A0B5-2CF60071A02F}.Debug|x86.ActiveCfg = Debug|x86
		{E0AF60EE-B0A2-45FF-A0B5-2CF60071A02F}.Debug|x86.Build.0 = Debug|x86
		{E0AF60EE-B0A2-45FF-A0B5-2CF60071A02F}.Debug|x86.Deploy.0 = Debug|x86
		{E0AF60EE-B0A2-45FF-A0B5-2CF60071A02F}.Release|Any CPU.ActiveCfg = Release|x86
		{E0AF60EE-B0A2-45FF-A0B5-2CF60071A02F}.Release|ARM.ActiveCfg = Release|ARM
		{E0AF60EE-B0A2-45FF-A0B5-2CF60071A02F}.Release|ARM.Build.0 = Release|ARM
		{E0AF60EE-B0A2-45FF-A0B5-2CF60071A02F}.Release|ARM.Deploy.0 = Release|ARM
		{E0AF60EE-B0A2-45FF-A0B5-2CF60071A02F}.Release|ARM64.ActiveCfg = Release|ARM64
		{E0AF60EE-B0A2-45FF-A0B5-2CF60071A02F}.Release|ARM64.Build.0 = Release|ARM64
		{E0AF60EE-B0A2-45FF-A0B5-2CF60071A02F}.Release|ARM64.Deploy.0 = Release|ARM64
		{E0AF60EE-B0A2-45FF-A0B5-2CF60071A02F}.Release|x64.ActiveCfg = Release|x64
		{E0AF60EE-B0A2-45FF-A0B5-2CF60071A02F}.Release|x64.Build.0 = Release|x64
		{E0AF60EE-B0A2-45FF-A0B5-2CF60071A02F}.Release|x64.Deploy.0 = Release|x64
		{E0AF60EE-B0A2-45FF-A0B5-2CF60071A02F}.Release|x86.ActiveCfg = Release|x86
		{E0AF60EE-B0A2-45FF-A0B5-2CF60071A02F}.Release|x86.Build.0 = Release|x86
		{E0AF60EE-B0A2-45FF-A0B5-2CF60071A02F}.Release|x86.Deploy.0 = Release|x86
		{321626E4-A6C0-4E1E-BFEB-615C9928CAF0}.Debug|Any CPU.ActiveCfg = Debug|Any CPU
		{321626E4-A6C0-4E1E-BFEB-615C9928CAF0}.Debug|Any CPU.Build.0 = Debug|Any CPU
		{321626E4-A6C0-4E1E-BFEB-615C9928CAF0}.Debug|ARM.ActiveCfg = Debug|Any CPU
		{321626E4-A6C0-4E1E-BFEB-615C9928CAF0}.Debug|ARM.Build.0 = Debug|Any CPU
		{321626E4-A6C0-4E1E-BFEB-615C9928CAF0}.Debug|ARM64.ActiveCfg = Debug|Any CPU
		{321626E4-A6C0-4E1E-BFEB-615C9928CAF0}.Debug|ARM64.Build.0 = Debug|Any CPU
		{321626E4-A6C0-4E1E-BFEB-615C9928CAF0}.Debug|x64.ActiveCfg = Debug|Any CPU
		{321626E4-A6C0-4E1E-BFEB-615C9928CAF0}.Debug|x64.Build.0 = Debug|Any CPU
		{321626E4-A6C0-4E1E-BFEB-615C9928CAF0}.Debug|x86.ActiveCfg = Debug|Any CPU
		{321626E4-A6C0-4E1E-BFEB-615C9928CAF0}.Debug|x86.Build.0 = Debug|Any CPU
		{321626E4-A6C0-4E1E-BFEB-615C9928CAF0}.Release|Any CPU.ActiveCfg = Release|Any CPU
		{321626E4-A6C0-4E1E-BFEB-615C9928CAF0}.Release|Any CPU.Build.0 = Release|Any CPU
		{321626E4-A6C0-4E1E-BFEB-615C9928CAF0}.Release|ARM.ActiveCfg = Release|Any CPU
		{321626E4-A6C0-4E1E-BFEB-615C9928CAF0}.Release|ARM.Build.0 = Release|Any CPU
		{321626E4-A6C0-4E1E-BFEB-615C9928CAF0}.Release|ARM64.ActiveCfg = Release|Any CPU
		{321626E4-A6C0-4E1E-BFEB-615C9928CAF0}.Release|ARM64.Build.0 = Release|Any CPU
		{321626E4-A6C0-4E1E-BFEB-615C9928CAF0}.Release|x64.ActiveCfg = Release|Any CPU
		{321626E4-A6C0-4E1E-BFEB-615C9928CAF0}.Release|x64.Build.0 = Release|Any CPU
		{321626E4-A6C0-4E1E-BFEB-615C9928CAF0}.Release|x86.ActiveCfg = Release|Any CPU
		{321626E4-A6C0-4E1E-BFEB-615C9928CAF0}.Release|x86.Build.0 = Release|Any CPU
		{6F392F54-700F-413C-945E-C753BEF97662}.Debug|Any CPU.ActiveCfg = Debug|Any CPU
		{6F392F54-700F-413C-945E-C753BEF97662}.Debug|Any CPU.Build.0 = Debug|Any CPU
		{6F392F54-700F-413C-945E-C753BEF97662}.Debug|ARM.ActiveCfg = Debug|Any CPU
		{6F392F54-700F-413C-945E-C753BEF97662}.Debug|ARM.Build.0 = Debug|Any CPU
		{6F392F54-700F-413C-945E-C753BEF97662}.Debug|ARM64.ActiveCfg = Debug|Any CPU
		{6F392F54-700F-413C-945E-C753BEF97662}.Debug|ARM64.Build.0 = Debug|Any CPU
		{6F392F54-700F-413C-945E-C753BEF97662}.Debug|x64.ActiveCfg = Debug|Any CPU
		{6F392F54-700F-413C-945E-C753BEF97662}.Debug|x64.Build.0 = Debug|Any CPU
		{6F392F54-700F-413C-945E-C753BEF97662}.Debug|x86.ActiveCfg = Debug|Any CPU
		{6F392F54-700F-413C-945E-C753BEF97662}.Debug|x86.Build.0 = Debug|Any CPU
		{6F392F54-700F-413C-945E-C753BEF97662}.Release|Any CPU.ActiveCfg = Release|Any CPU
		{6F392F54-700F-413C-945E-C753BEF97662}.Release|Any CPU.Build.0 = Release|Any CPU
		{6F392F54-700F-413C-945E-C753BEF97662}.Release|ARM.ActiveCfg = Release|Any CPU
		{6F392F54-700F-413C-945E-C753BEF97662}.Release|ARM.Build.0 = Release|Any CPU
		{6F392F54-700F-413C-945E-C753BEF97662}.Release|ARM64.ActiveCfg = Release|Any CPU
		{6F392F54-700F-413C-945E-C753BEF97662}.Release|ARM64.Build.0 = Release|Any CPU
		{6F392F54-700F-413C-945E-C753BEF97662}.Release|x64.ActiveCfg = Release|Any CPU
		{6F392F54-700F-413C-945E-C753BEF97662}.Release|x64.Build.0 = Release|Any CPU
		{6F392F54-700F-413C-945E-C753BEF97662}.Release|x86.ActiveCfg = Release|Any CPU
		{6F392F54-700F-413C-945E-C753BEF97662}.Release|x86.Build.0 = Release|Any CPU
		{95E4F137-ABD4-4875-9CF8-AA373EA0C80C}.Debug|Any CPU.ActiveCfg = Debug|Any CPU
		{95E4F137-ABD4-4875-9CF8-AA373EA0C80C}.Debug|Any CPU.Build.0 = Debug|Any CPU
		{95E4F137-ABD4-4875-9CF8-AA373EA0C80C}.Debug|ARM.ActiveCfg = Debug|Any CPU
		{95E4F137-ABD4-4875-9CF8-AA373EA0C80C}.Debug|ARM.Build.0 = Debug|Any CPU
		{95E4F137-ABD4-4875-9CF8-AA373EA0C80C}.Debug|ARM64.ActiveCfg = Debug|Any CPU
		{95E4F137-ABD4-4875-9CF8-AA373EA0C80C}.Debug|ARM64.Build.0 = Debug|Any CPU
		{95E4F137-ABD4-4875-9CF8-AA373EA0C80C}.Debug|x64.ActiveCfg = Debug|Any CPU
		{95E4F137-ABD4-4875-9CF8-AA373EA0C80C}.Debug|x64.Build.0 = Debug|Any CPU
		{95E4F137-ABD4-4875-9CF8-AA373EA0C80C}.Debug|x86.ActiveCfg = Debug|Any CPU
		{95E4F137-ABD4-4875-9CF8-AA373EA0C80C}.Debug|x86.Build.0 = Debug|Any CPU
		{95E4F137-ABD4-4875-9CF8-AA373EA0C80C}.Release|Any CPU.ActiveCfg = Release|Any CPU
		{95E4F137-ABD4-4875-9CF8-AA373EA0C80C}.Release|Any CPU.Build.0 = Release|Any CPU
		{95E4F137-ABD4-4875-9CF8-AA373EA0C80C}.Release|ARM.ActiveCfg = Release|Any CPU
		{95E4F137-ABD4-4875-9CF8-AA373EA0C80C}.Release|ARM.Build.0 = Release|Any CPU
		{95E4F137-ABD4-4875-9CF8-AA373EA0C80C}.Release|ARM64.ActiveCfg = Release|Any CPU
		{95E4F137-ABD4-4875-9CF8-AA373EA0C80C}.Release|ARM64.Build.0 = Release|Any CPU
		{95E4F137-ABD4-4875-9CF8-AA373EA0C80C}.Release|x64.ActiveCfg = Release|Any CPU
		{95E4F137-ABD4-4875-9CF8-AA373EA0C80C}.Release|x64.Build.0 = Release|Any CPU
		{95E4F137-ABD4-4875-9CF8-AA373EA0C80C}.Release|x86.ActiveCfg = Release|Any CPU
		{95E4F137-ABD4-4875-9CF8-AA373EA0C80C}.Release|x86.Build.0 = Release|Any CPU
	EndGlobalSection
	GlobalSection(SolutionProperties) = preSolution
		HideSolutionNode = FALSE
	EndGlobalSection
	GlobalSection(ExtensibilityGlobals) = postSolution
		SolutionGuid = {C2970F6E-C89F-4559-8E3B-8443119FCB2E}
	EndGlobalSection
EndGlobal
